
Microsoft Visual Studio Solution File, Format Version 12.00
# Visual Studio Version 17
VisualStudioVersion = 17.6.33815.320
MinimumVisualStudioVersion = 10.0.40219.1
Project("{9A19103F-16F7-4668-BE54-9A1E7A4F7556}") = "ElevatorSimulator.ConsoleApp", "ElevatorSimulator.ConsoleApp\ElevatorSimulator.ConsoleApp.csproj", "{9D9E54A1-5086-4002-803A-8045112B10A3}"
EndProject
Project("{9A19103F-16F7-4668-BE54-9A1E7A4F7556}") = "ElevatorSimulator.Logic.Tests", "ElevatorSimulator.Tests\ElevatorSimulator.Logic.Tests.csproj", "{CA1861EC-C940-4EDC-AA14-BCEC7053623B}"
EndProject
Project("{9A19103F-16F7-4668-BE54-9A1E7A4F7556}") = "ElevatorSimulator.Logic", "ElevatorSimulator.Logic\ElevatorSimulator.Logic.csproj", "{B7C7510A-B1A1-411A-9891-DE795B92F4CC}"
EndProject
Project("{9A19103F-16F7-4668-BE54-9A1E7A4F7556}") = "ElevatorSimulator.Logic.Abstractions", "ElevatorSimulator.Logic.Abstractions\ElevatorSimulator.Logic.Abstractions.csproj", "{EBB5C9F1-2CD9-4B72-B2AB-164190B21088}"
EndProject
Project("{FAE04EC0-301F-11D3-BF4B-00C04F79EFBC}") = "ElevatorSimulator.ConsoleApp.Display", "ElevatorSimulator.ConsoleApp.Display\ElevatorSimulator.ConsoleApp.Display.csproj", "{15796F04-06C2-4861-8963-893BF5CA5CA5}"
EndProject
Global
	GlobalSection(SolutionConfigurationPlatforms) = preSolution
		Debug|Any CPU = Debug|Any CPU
		Release|Any CPU = Release|Any CPU
	EndGlobalSection
	GlobalSection(ProjectConfigurationPlatforms) = postSolution
		{9D9E54A1-5086-4002-803A-8045112B10A3}.Debug|Any CPU.ActiveCfg = Debug|Any CPU
		{9D9E54A1-5086-4002-803A-8045112B10A3}.Debug|Any CPU.Build.0 = Debug|Any CPU
		{9D9E54A1-5086-4002-803A-8045112B10A3}.Release|Any CPU.ActiveCfg = Release|Any CPU
		{9D9E54A1-5086-4002-803A-8045112B10A3}.Release|Any CPU.Build.0 = Release|Any CPU
		{CA1861EC-C940-4EDC-AA14-BCEC7053623B}.Debug|Any CPU.ActiveCfg = Debug|Any CPU
		{CA1861EC-C940-4EDC-AA14-BCEC7053623B}.Debug|Any CPU.Build.0 = Debug|Any CPU
		{CA1861EC-C940-4EDC-AA14-BCEC7053623B}.Release|Any CPU.ActiveCfg = Release|Any CPU
		{CA1861EC-C940-4EDC-AA14-BCEC7053623B}.Release|Any CPU.Build.0 = Release|Any CPU
		{B7C7510A-B1A1-411A-9891-DE795B92F4CC}.Debug|Any CPU.ActiveCfg = Debug|Any CPU
		{B7C7510A-B1A1-411A-9891-DE795B92F4CC}.Debug|Any CPU.Build.0 = Debug|Any CPU
		{B7C7510A-B1A1-411A-9891-DE795B92F4CC}.Release|Any CPU.ActiveCfg = Release|Any CPU
		{B7C7510A-B1A1-411A-9891-DE795B92F4CC}.Release|Any CPU.Build.0 = Release|Any CPU
		{EBB5C9F1-2CD9-4B72-B2AB-164190B21088}.Debug|Any CPU.ActiveCfg = Debug|Any CPU
		{EBB5C9F1-2CD9-4B72-B2AB-164190B21088}.Debug|Any CPU.Build.0 = Debug|Any CPU
		{EBB5C9F1-2CD9-4B72-B2AB-164190B21088}.Release|Any CPU.ActiveCfg = Release|Any CPU
		{EBB5C9F1-2CD9-4B72-B2AB-164190B21088}.Release|Any CPU.Build.0 = Release|Any CPU
		{15796F04-06C2-4861-8963-893BF5CA5CA5}.Debug|Any CPU.ActiveCfg = Debug|Any CPU
		{15796F04-06C2-4861-8963-893BF5CA5CA5}.Debug|Any CPU.Build.0 = Debug|Any CPU
		{15796F04-06C2-4861-8963-893BF5CA5CA5}.Release|Any CPU.ActiveCfg = Release|Any CPU
		{15796F04-06C2-4861-8963-893BF5CA5CA5}.Release|Any CPU.Build.0 = Release|Any CPU
	EndGlobalSection
	GlobalSection(SolutionProperties) = preSolution
		HideSolutionNode = FALSE
	EndGlobalSection
	GlobalSection(ExtensibilityGlobals) = postSolution
		SolutionGuid = {5625EDBB-15DF-45D4-AC57-900A516F01A0}
	EndGlobalSection
EndGlobal
